
Microsoft Visual Studio Solution File, Format Version 12.00
# Visual Studio Version 16
VisualStudioVersion = 16.0.30128.74
MinimumVisualStudioVersion = 10.0.40219.1
Project("{FAE04EC0-301F-11D3-BF4B-00C04F79EFBC}") = "Keaf's Sound Board", "Keaf's Sound Board.csproj", "{A681659B-87F7-43B0-8DC6-7C58ED712F0C}"
EndProject
Global
	GlobalSection(SolutionConfigurationPlatforms) = preSolution
		Debug|Any CPU = Debug|Any CPU
		Release|Any CPU = Release|Any CPU
	EndGlobalSection
	GlobalSection(ProjectConfigurationPlatforms) = postSolution
		{A681659B-87F7-43B0-8DC6-7C58ED712F0C}.Debug|Any CPU.ActiveCfg = Debug|Any CPU
		{A681659B-87F7-43B0-8DC6-7C58ED712F0C}.Debug|Any CPU.Build.0 = Debug|Any CPU
		{A681659B-87F7-43B0-8DC6-7C58ED712F0C}.Release|Any CPU.ActiveCfg = Release|Any CPU
		{A681659B-87F7-43B0-8DC6-7C58ED712F0C}.Release|Any CPU.Build.0 = Release|Any CPU
	EndGlobalSection
	GlobalSection(SolutionProperties) = preSolution
		HideSolutionNode = FALSE
	EndGlobalSection
	GlobalSection(ExtensibilityGlobals) = postSolution
		SolutionGuid = {D574416D-7DBE-4F5B-8D76-830A5E449AEA}
	EndGlobalSection
EndGlobal
